
Microsoft Visual Studio Solution File, Format Version 12.00
# Visual Studio Version 17
VisualStudioVersion = 17.5.002.0
MinimumVisualStudioVersion = 10.0.40219.1
Project("{9A19103F-16F7-4668-BE54-9A1E7A4F7556}") = "HealthCheckLab", "HealthCheckLab\HealthCheckLab.csproj", "{B03D0380-4999-4508-A119-A0858A2EBCF8}"
EndProject
Project("{9A19103F-16F7-4668-BE54-9A1E7A4F7556}") = "AspNetCore.Diagnostics.HealthChecks.Background", "Adesa.Platform.HealthChecks\AspNetCore.Diagnostics.HealthChecks.Background.csproj", "{620EA327-BC85-4A9A-9629-033732D9D784}"
EndProject
Global
	GlobalSection(SolutionConfigurationPlatforms) = preSolution
		Debug|Any CPU = Debug|Any CPU
		Release|Any CPU = Release|Any CPU
	EndGlobalSection
	GlobalSection(ProjectConfigurationPlatforms) = postSolution
		{B03D0380-4999-4508-A119-A0858A2EBCF8}.Debug|Any CPU.ActiveCfg = Debug|Any CPU
		{B03D0380-4999-4508-A119-A0858A2EBCF8}.Debug|Any CPU.Build.0 = Debug|Any CPU
		{B03D0380-4999-4508-A119-A0858A2EBCF8}.Release|Any CPU.ActiveCfg = Release|Any CPU
		{B03D0380-4999-4508-A119-A0858A2EBCF8}.Release|Any CPU.Build.0 = Release|Any CPU
		{620EA327-BC85-4A9A-9629-033732D9D784}.Debug|Any CPU.ActiveCfg = Debug|Any CPU
		{620EA327-BC85-4A9A-9629-033732D9D784}.Debug|Any CPU.Build.0 = Debug|Any CPU
		{620EA327-BC85-4A9A-9629-033732D9D784}.Release|Any CPU.ActiveCfg = Release|Any CPU
		{620EA327-BC85-4A9A-9629-033732D9D784}.Release|Any CPU.Build.0 = Release|Any CPU
	EndGlobalSection
	GlobalSection(SolutionProperties) = preSolution
		HideSolutionNode = FALSE
	EndGlobalSection
	GlobalSection(ExtensibilityGlobals) = postSolution
		SolutionGuid = {3FB6859E-DB43-4661-9872-D2896D6CCA38}
	EndGlobalSection
EndGlobal
